
Microsoft Visual Studio Solution File, Format Version 12.00
# Visual Studio Version 17
VisualStudioVersion = 17.11.35312.102
MinimumVisualStudioVersion = 10.0.40219.1
Project("{FAE04EC0-301F-11D3-BF4B-00C04F79EFBC}") = "Anteproyecto", "Anteproyecto\Anteproyecto.csproj", "{854044A3-3CFF-4D47-93E2-EF7391E3D356}"
EndProject
Global
	GlobalSection(SolutionConfigurationPlatforms) = preSolution
		Debug|Any CPU = Debug|Any CPU
		Release|Any CPU = Release|Any CPU
	EndGlobalSection
	GlobalSection(ProjectConfigurationPlatforms) = postSolution
		{854044A3-3CFF-4D47-93E2-EF7391E3D356}.Debug|Any CPU.ActiveCfg = Debug|Any CPU
		{854044A3-3CFF-4D47-93E2-EF7391E3D356}.Debug|Any CPU.Build.0 = Debug|Any CPU
		{854044A3-3CFF-4D47-93E2-EF7391E3D356}.Release|Any CPU.ActiveCfg = Release|Any CPU
		{854044A3-3CFF-4D47-93E2-EF7391E3D356}.Release|Any CPU.Build.0 = Release|Any CPU
	EndGlobalSection
	GlobalSection(SolutionProperties) = preSolution
		HideSolutionNode = FALSE
	EndGlobalSection
	GlobalSection(ExtensibilityGlobals) = postSolution
		SolutionGuid = {88C5B279-337A-478D-9CFD-2FEF87734DAA}
	EndGlobalSection
EndGlobal
